// !$*UTF8*$!
{
	archiveVersion = 1;
	classes = {
	};
	objectVersion = 46;
	objects = {

/* Begin PBXBuildFile section */
		7DDBC05F1E5369B100AFD465 /* AppDelegate.swift in Sources */ = {isa = PBXBuildFile; fileRef = 7DDBC05E1E5369B100AFD465 /* AppDelegate.swift */; };
		7DDBC0611E5369B100AFD465 /* ViewController.swift in Sources */ = {isa = PBXBuildFile; fileRef = 7DDBC0601E5369B100AFD465 /* ViewController.swift */; };
		7DDBC0641E5369B100AFD465 /* Main.storyboard in Resources */ = {isa = PBXBuildFile; fileRef = 7DDBC0621E5369B100AFD465 /* Main.storyboard */; };
		7DDBC0671E5369B100AFD465 /* Pokedex.xcdatamodeld in Sources */ = {isa = PBXBuildFile; fileRef = 7DDBC0651E5369B100AFD465 /* Pokedex.xcdatamodeld */; };
		7DDBC0691E5369B100AFD465 /* Assets.xcassets in Resources */ = {isa = PBXBuildFile; fileRef = 7DDBC0681E5369B100AFD465 /* Assets.xcassets */; };
		7DDBC06C1E5369B100AFD465 /* LaunchScreen.storyboard in Resources */ = {isa = PBXBuildFile; fileRef = 7DDBC06A1E5369B100AFD465 /* LaunchScreen.storyboard */; };
		7DDBC0741E5387F400AFD465 /* pokemon.csv in Resources */ = {isa = PBXBuildFile; fileRef = 7DDBC0731E5387F400AFD465 /* pokemon.csv */; };
		7DDBC0761E53DE6D00AFD465 /* Pokemon.swift in Sources */ = {isa = PBXBuildFile; fileRef = 7DDBC0751E53DE6D00AFD465 /* Pokemon.swift */; };
/* End PBXBuildFile section */

/* Begin PBXFileReference section */
		7DDBC05B1E5369B100AFD465 /* Pokedex.app */ = {isa = PBXFileReference; explicitFileType = wrapper.application; includeInIndex = 0; path = Pokedex.app; sourceTree = BUILT_PRODUCTS_DIR; };
		7DDBC05E1E5369B100AFD465 /* AppDelegate.swift */ = {isa = PBXFileReference; lastKnownFileType = sourcecode.swift; path = AppDelegate.swift; sourceTree = "<group>"; };
		7DDBC0601E5369B100AFD465 /* ViewController.swift */ = {isa = PBXFileReference; lastKnownFileType = sourcecode.swift; path = ViewController.swift; sourceTree = "<group>"; };
		7DDBC0631E5369B100AFD465 /* Base */ = {isa = PBXFileReference; lastKnownFileType = file.storyboard; name = Base; path = Base.lproj/Main.storyboard; sourceTree = "<group>"; };
		7DDBC0661E5369B100AFD465 /* Pokedex.xcdatamodel */ = {isa = PBXFileReference; lastKnownFileType = wrapper.xcdatamodel; path = Pokedex.xcdatamodel; sourceTree = "<group>"; };
		7DDBC0681E5369B100AFD465 /* Assets.xcassets */ = {isa = PBXFileReference; lastKnownFileType = folder.assetcatalog; path = Assets.xcassets; sourceTree = "<group>"; };
		7DDBC06B1E5369B100AFD465 /* Base */ = {isa = PBXFileReference; lastKnownFileType = file.storyboard; name = Base; path = Base.lproj/LaunchScreen.storyboard; sourceTree = "<group>"; };
		7DDBC06D1E5369B100AFD465 /* Info.plist */ = {isa = PBXFileReference; lastKnownFileType = text.plist.xml; path = Info.plist; sourceTree = "<group>"; };
		7DDBC0731E5387F400AFD465 /* pokemon.csv */ = {isa = PBXFileReference; fileEncoding = 4; lastKnownFileType = text; path = pokemon.csv; sourceTree = "<group>"; };
		7DDBC0751E53DE6D00AFD465 /* Pokemon.swift */ = {isa = PBXFileReference; fileEncoding = 4; lastKnownFileType = sourcecode.swift; path = Pokemon.swift; sourceTree = "<group>"; };
/* End PBXFileReference section */

/* Begin PBXFrameworksBuildPhase section */
		7DDBC0581E5369B100AFD465 /* Frameworks */ = {
			isa = PBXFrameworksBuildPhase;
			buildActionMask = 2147483647;
			files = (
			);
			runOnlyForDeploymentPostprocessing = 0;
		};
/* End PBXFrameworksBuildPhase section */

/* Begin PBXGroup section */
		7DDBC0521E5369B100AFD465 = {
			isa = PBXGroup;
			children = (
				7DDBC05D1E5369B100AFD465 /* Pokedex */,
				7DDBC05C1E5369B100AFD465 /* Products */,
			);
			sourceTree = "<group>";
		};
		7DDBC05C1E5369B100AFD465 /* Products */ = {
			isa = PBXGroup;
			children = (
				7DDBC05B1E5369B100AFD465 /* Pokedex.app */,
			);
			name = Products;
			sourceTree = "<group>";
		};
		7DDBC05D1E5369B100AFD465 /* Pokedex */ = {
			isa = PBXGroup;
			children = (
				7DDBC0771E53DE7A00AFD465 /* Model */,
				7DDBC0781E53DE8900AFD465 /* View */,
				7DDBC0791E53DE9300AFD465 /* Controller */,
				7DDBC05E1E5369B100AFD465 /* AppDelegate.swift */,
				7DDBC0601E5369B100AFD465 /* ViewController.swift */,
				7DDBC0621E5369B100AFD465 /* Main.storyboard */,
				7DDBC0681E5369B100AFD465 /* Assets.xcassets */,
				7DDBC0731E5387F400AFD465 /* pokemon.csv */,
				7DDBC06A1E5369B100AFD465 /* LaunchScreen.storyboard */,
				7DDBC06D1E5369B100AFD465 /* Info.plist */,
				7DDBC0651E5369B100AFD465 /* Pokedex.xcdatamodeld */,
			);
			path = Pokedex;
			sourceTree = "<group>";
		};
		7DDBC0771E53DE7A00AFD465 /* Model */ = {
			isa = PBXGroup;
			children = (
				7DDBC0751E53DE6D00AFD465 /* Pokemon.swift */,
			);
			name = Model;
			sourceTree = "<group>";
		};
		7DDBC0781E53DE8900AFD465 /* View */ = {
			isa = PBXGroup;
			children = (
			);
			name = View;
			sourceTree = "<group>";
		};
		7DDBC0791E53DE9300AFD465 /* Controller */ = {
			isa = PBXGroup;
			children = (
			);
			name = Controller;
			sourceTree = "<group>";
		};
/* End PBXGroup section */

/* Begin PBXNativeTarget section */
		7DDBC05A1E5369B100AFD465 /* Pokedex */ = {
			isa = PBXNativeTarget;
			buildConfigurationList = 7DDBC0701E5369B100AFD465 /* Build configuration list for PBXNativeTarget "Pokedex" */;
			buildPhases = (
				7DDBC0571E5369B100AFD465 /* Sources */,
				7DDBC0581E5369B100AFD465 /* Frameworks */,
				7DDBC0591E5369B100AFD465 /* Resources */,
			);
			buildRules = (
			);
			dependencies = (
			);
			name = Pokedex;
			productName = Pokedex;
			productReference = 7DDBC05B1E5369B100AFD465 /* Pokedex.app */;
			productType = "com.apple.product-type.application";
		};
/* End PBXNativeTarget section */

/* Begin PBXProject section */
		7DDBC0531E5369B100AFD465 /* Project object */ = {
			isa = PBXProject;
			attributes = {
				LastSwiftUpdateCheck = 0820;
				LastUpgradeCheck = 0820;
				ORGANIZATIONNAME = kbob;
				TargetAttributes = {
					7DDBC05A1E5369B100AFD465 = {
						CreatedOnToolsVersion = 8.2.1;
						DevelopmentTeam = ENPYPD7B4E;
						ProvisioningStyle = Automatic;
					};
				};
			};
			buildConfigurationList = 7DDBC0561E5369B100AFD465 /* Build configuration list for PBXProject "Pokedex" */;
			compatibilityVersion = "Xcode 3.2";
			developmentRegion = English;
			hasScannedForEncodings = 0;
			knownRegions = (
				en,
				Base,
			);
			mainGroup = 7DDBC0521E5369B100AFD465;
			productRefGroup = 7DDBC05C1E5369B100AFD465 /* Products */;
			projectDirPath = "";
			projectRoot = "";
			targets = (
				7DDBC05A1E5369B100AFD465 /* Pokedex */,
			);
		};
/* End PBXProject section */

/* Begin PBXResourcesBuildPhase section */
		7DDBC0591E5369B100AFD465 /* Resources */ = {
			isa = PBXResourcesBuildPhase;
			buildActionMask = 2147483647;
			files = (
				7DDBC06C1E5369B100AFD465 /* LaunchScreen.storyboard in Resources */,
				7DDBC0691E5369B100AFD465 /* Assets.xcassets in Resources */,
				7DDBC0741E5387F400AFD465 /* pokemon.csv in Resources */,
				7DDBC0641E5369B100AFD465 /* Main.storyboard in Resources */,
			);
			runOnlyForDeploymentPostprocessing = 0;
		};
/* End PBXResourcesBuildPhase section */

/* Begin PBXSourcesBuildPhase section */
		7DDBC0571E5369B100AFD465 /* Sources */ = {
			isa = PBXSourcesBuildPhase;
			buildActionMask = 2147483647;
			files = (
				7DDBC0611E5369B100AFD465 /* ViewController.swift in Sources */,
				7DDBC0761E53DE6D00AFD465 /* Pokemon.swift in Sources */,
				7DDBC0671E5369B100AFD465 /* Pokedex.xcdatamodeld in Sources */,
				7DDBC05F1E5369B100AFD465 /* AppDelegate.swift in Sources */,
			);
			runOnlyForDeploymentPostprocessing = 0;
		};
/* End PBXSourcesBuildPhase section */

/* Begin PBXVariantGroup section */
		7DDBC0621E5369B100AFD465 /* Main.storyboard */ = {
			isa = PBXVariantGroup;
			children = (
				7DDBC0631E5369B100AFD465 /* Base */,
			);
			name = Main.storyboard;
			sourceTree = "<group>";
		};
		7DDBC06A1E5369B100AFD465 /* LaunchScreen.storyboard */ = {
			isa = PBXVariantGroup;
			children = (
				7DDBC06B1E5369B100AFD465 /* Base */,
			);
			name = LaunchScreen.storyboard;
			sourceTree = "<group>";
		};
/* End PBXVariantGroup section */

/* Begin XCBuildConfiguration section */
		7DDBC06E1E5369B100AFD465 /* Debug */ = {
			isa = XCBuildConfiguration;
			buildSettings = {
				ALWAYS_SEARCH_USER_PATHS = NO;
				CLANG_ANALYZER_NONNULL = YES;
				CLANG_CXX_LANGUAGE_STANDARD = "gnu++0x";
				CLANG_CXX_LIBRARY = "libc++";
				CLANG_ENABLE_MODULES = YES;
				CLANG_ENABLE_OBJC_ARC = YES;
				CLANG_WARN_BOOL_CONVERSION = YES;
				CLANG_WARN_CONSTANT_CONVERSION = YES;
				CLANG_WARN_DIRECT_OBJC_ISA_USAGE = YES_ERROR;
				CLANG_WARN_DOCUMENTATION_COMMENTS = YES;
				CLANG_WARN_EMPTY_BODY = YES;
				CLANG_WARN_ENUM_CONVERSION = YES;
				CLANG_WARN_INFINITE_RECURSION = YES;
				CLANG_WARN_INT_CONVERSION = YES;
				CLANG_WARN_OBJC_ROOT_CLASS = YES_ERROR;
				CLANG_WARN_SUSPICIOUS_MOVE = YES;
				CLANG_WARN_UNREACHABLE_CODE = YES;
				CLANG_WARN__DUPLICATE_METHOD_MATCH = YES;
				"CODE_SIGN_IDENTITY[sdk=iphoneos*]" = "iPhone Developer";
				COPY_PHASE_STRIP = NO;
				DEBUG_INFORMATION_FORMAT = dwarf;
				ENABLE_STRICT_OBJC_MSGSEND = YES;
				ENABLE_TESTABILITY = YES;
				GCC_C_LANGUAGE_STANDARD = gnu99;
				GCC_DYNAMIC_NO_PIC = NO;
				GCC_NO_COMMON_BLOCKS = YES;
				GCC_OPTIMIZATION_LEVEL = 0;
				GCC_PREPROCESSOR_DEFINITIONS = (
					"DEBUG=1",
					"$(inherited)",
				);
				GCC_WARN_64_TO_32_BIT_CONVERSION = YES;
				GCC_WARN_ABOUT_RETURN_TYPE = YES_ERROR;
				GCC_WARN_UNDECLARED_SELECTOR = YES;
				GCC_WARN_UNINITIALIZED_AUTOS = YES_AGGRESSIVE;
				GCC_WARN_UNUSED_FUNCTION = YES;
				GCC_WARN_UNUSED_VARIABLE = YES;
				IPHONEOS_DEPLOYMENT_TARGET = 10.2;
				MTL_ENABLE_DEBUG_INFO = YES;
				ONLY_ACTIVE_ARCH = YES;
				SDKROOT = iphoneos;
				SWIFT_ACTIVE_COMPILATION_CONDITIONS = DEBUG;
				SWIFT_OPTIMIZATION_LEVEL = "-Onone";
				TARGETED_DEVICE_FAMILY = "1,2";
			};
			name = Debug;
		};
		7DDBC06F1E5369B100AFD465 /* Release */ = {
			isa = XCBuildConfiguration;
			buildSettings = {
				ALWAYS_SEARCH_USER_PATHS = NO;
				CLANG_ANALYZER_NONNULL = YES;
				CLANG_CXX_LANGUAGE_STANDARD = "gnu++0x";
				CLANG_CXX_LIBRARY = "libc++";
				CLANG_ENABLE_MODULES = YES;
				CLANG_ENABLE_OBJC_ARC = YES;
				CLANG_WARN_BOOL_CONVERSION = YES;
				CLANG_WARN_CONSTANT_CONVERSION = YES;
				CLANG_WARN_DIRECT_OBJC_ISA_USAGE = YES_ERROR;
				CLANG_WARN_DOCUMENTATION_COMMENTS = YES;
				CLANG_WARN_EMPTY_BODY = YES;
				CLANG_WARN_ENUM_CONVERSION = YES;
				CLANG_WARN_INFINITE_RECURSION = YES;
				CLANG_WARN_INT_CONVERSION = YES;
				CLANG_WARN_OBJC_ROOT_CLASS = YES_ERROR;
				CLANG_WARN_SUSPICIOUS_MOVE = YES;
				CLANG_WARN_UNREACHABLE_CODE = YES;
				CLANG_WARN__DUPLICATE_METHOD_MATCH = YES;
				"CODE_SIGN_IDENTITY[sdk=iphoneos*]" = "iPhone Developer";
				COPY_PHASE_STRIP = NO;
				DEBUG_INFORMATION_FORMAT = "dwarf-with-dsym";
				ENABLE_NS_ASSERTIONS = NO;
				ENABLE_STRICT_OBJC_MSGSEND = YES;
				GCC_C_LANGUAGE_STANDARD = gnu99;
				GCC_NO_COMMON_BLOCKS = YES;
				GCC_WARN_64_TO_32_BIT_CONVERSION = YES;
				GCC_WARN_ABOUT_RETURN_TYPE = YES_ERROR;
				GCC_WARN_UNDECLARED_SELECTOR = YES;
				GCC_WARN_UNINITIALIZED_AUTOS = YES_AGGRESSIVE;
				GCC_WARN_UNUSED_FUNCTION = YES;
				GCC_WARN_UNUSED_VARIABLE = YES;
				IPHONEOS_DEPLOYMENT_TARGET = 10.2;
				MTL_ENABLE_DEBUG_INFO = NO;
				SDKROOT = iphoneos;
				SWIFT_OPTIMIZATION_LEVEL = "-Owholemodule";
				TARGETED_DEVICE_FAMILY = "1,2";
				VALIDATE_PRODUCT = YES;
			};
			name = Release;
		};
		7DDBC0711E5369B100AFD465 /* Debug */ = {
			isa = XCBuildConfiguration;
			buildSettings = {
				ASSETCATALOG_COMPILER_APPICON_NAME = AppIcon;
				DEVELOPMENT_TEAM = ENPYPD7B4E;
				INFOPLIST_FILE = Pokedex/Info.plist;
				LD_RUNPATH_SEARCH_PATHS = "$(inherited) @executable_path/Frameworks";
				PRODUCT_BUNDLE_IDENTIFIER = com.kbob.Pokedex;
				PRODUCT_NAME = "$(TARGET_NAME)";
				SWIFT_VERSION = 3.0;
			};
			name = Debug;
		};
		7DDBC0721E5369B100AFD465 /* Release */ = {
			isa = XCBuildConfiguration;
			buildSettings = {
				ASSETCATALOG_COMPILER_APPICON_NAME = AppIcon;
				DEVELOPMENT_TEAM = ENPYPD7B4E;
				INFOPLIST_FILE = Pokedex/Info.plist;
				LD_RUNPATH_SEARCH_PATHS = "$(inherited) @executable_path/Frameworks";
				PRODUCT_BUNDLE_IDENTIFIER = com.kbob.Pokedex;
				PRODUCT_NAME = "$(TARGET_NAME)";
				SWIFT_VERSION = 3.0;
			};
			name = Release;
		};
/* End XCBuildConfiguration section */

/* Begin XCConfigurationList section */
		7DDBC0561E5369B100AFD465 /* Build configuration list for PBXProject "Pokedex" */ = {
			isa = XCConfigurationList;
			buildConfigurations = (
				7DDBC06E1E5369B100AFD465 /* Debug */,
				7DDBC06F1E5369B100AFD465 /* Release */,
			);
			defaultConfigurationIsVisible = 0;
			defaultConfigurationName = Release;
		};
		7DDBC0701E5369B100AFD465 /* Build configuration list for PBXNativeTarget "Pokedex" */ = {
			isa = XCConfigurationList;
			buildConfigurations = (
				7DDBC0711E5369B100AFD465 /* Debug */,
				7DDBC0721E5369B100AFD465 /* Release */,
			);
			defaultConfigurationIsVisible = 0;
			defaultConfigurationName = Release;
		};
/* End XCConfigurationList section */

/* Begin XCVersionGroup section */
		7DDBC0651E5369B100AFD465 /* Pokedex.xcdatamodeld */ = {
			isa = XCVersionGroup;
			children = (
				7DDBC0661E5369B100AFD465 /* Pokedex.xcdatamodel */,
			);
			currentVersion = 7DDBC0661E5369B100AFD465 /* Pokedex.xcdatamodel */;
			path = Pokedex.xcdatamodeld;
			sourceTree = "<group>";
			versionGroupType = wrapper.xcdatamodel;
		};
/* End XCVersionGroup section */
	};
	rootObject = 7DDBC0531E5369B100AFD465 /* Project object */;
}
